
Microsoft Visual Studio Solution File, Format Version 12.00
# Visual Studio Version 17
VisualStudioVersion = 17.4.33403.182
MinimumVisualStudioVersion = 10.0.40219.1
Project("{9A19103F-16F7-4668-BE54-9A1E7A4F7556}") = "DeepFakeStudio", "DeepFakeStudio\DeepFakeStudio.csproj", "{88C2242D-7D77-49CD-87D2-23491558542B}"
EndProject
Project("{FAE04EC0-301F-11D3-BF4B-00C04F79EFBC}") = "DeepFakeStudio.Test", "DeepFakeStudio.Test\DeepFakeStudio.Test.csproj", "{9B493A5F-F748-4D8D-ACD8-949011213F7F}"
EndProject
Global
	GlobalSection(SolutionConfigurationPlatforms) = preSolution
		Debug|Any CPU = Debug|Any CPU
		Release|Any CPU = Release|Any CPU
	EndGlobalSection
	GlobalSection(ProjectConfigurationPlatforms) = postSolution
		{88C2242D-7D77-49CD-87D2-23491558542B}.Debug|Any CPU.ActiveCfg = Debug|Any CPU
		{88C2242D-7D77-49CD-87D2-23491558542B}.Debug|Any CPU.Build.0 = Debug|Any CPU
		{88C2242D-7D77-49CD-87D2-23491558542B}.Release|Any CPU.ActiveCfg = Release|Any CPU
		{88C2242D-7D77-49CD-87D2-23491558542B}.Release|Any CPU.Build.0 = Release|Any CPU
		{9B493A5F-F748-4D8D-ACD8-949011213F7F}.Debug|Any CPU.ActiveCfg = Debug|Any CPU
		{9B493A5F-F748-4D8D-ACD8-949011213F7F}.Debug|Any CPU.Build.0 = Debug|Any CPU
		{9B493A5F-F748-4D8D-ACD8-949011213F7F}.Release|Any CPU.ActiveCfg = Release|Any CPU
		{9B493A5F-F748-4D8D-ACD8-949011213F7F}.Release|Any CPU.Build.0 = Release|Any CPU
	EndGlobalSection
	GlobalSection(SolutionProperties) = preSolution
		HideSolutionNode = FALSE
	EndGlobalSection
	GlobalSection(ExtensibilityGlobals) = postSolution
		SolutionGuid = {17DD21B1-6C15-4BDB-B8BC-3C703EA88652}
	EndGlobalSection
EndGlobal
