
Microsoft Visual Studio Solution File, Format Version 12.00
# Visual Studio Version 18
VisualStudioVersion = 18.3.11527.330 d18.3
MinimumVisualStudioVersion = 10.0.40219.1
Project("{FAE04EC0-301F-11D3-BF4B-00C04F79EFBC}") = "Piano", "Piano\Piano.csproj", "{3CDE6B6F-4766-0214-B6A4-2BEEB2BDAB2D}"
EndProject
Global
	GlobalSection(SolutionConfigurationPlatforms) = preSolution
		Debug|Any CPU = Debug|Any CPU
		Release|Any CPU = Release|Any CPU
	EndGlobalSection
	GlobalSection(ProjectConfigurationPlatforms) = postSolution
		{3CDE6B6F-4766-0214-B6A4-2BEEB2BDAB2D}.Debug|Any CPU.ActiveCfg = Debug|Any CPU
		{3CDE6B6F-4766-0214-B6A4-2BEEB2BDAB2D}.Debug|Any CPU.Build.0 = Debug|Any CPU
		{3CDE6B6F-4766-0214-B6A4-2BEEB2BDAB2D}.Debug|Any CPU.Deploy.0 = Debug|Any CPU
		{3CDE6B6F-4766-0214-B6A4-2BEEB2BDAB2D}.Release|Any CPU.ActiveCfg = Release|Any CPU
		{3CDE6B6F-4766-0214-B6A4-2BEEB2BDAB2D}.Release|Any CPU.Build.0 = Release|Any CPU
	EndGlobalSection
	GlobalSection(SolutionProperties) = preSolution
		HideSolutionNode = FALSE
	EndGlobalSection
	GlobalSection(ExtensibilityGlobals) = postSolution
		SolutionGuid = {9FA63990-9F5F-44FF-BC3A-E0B72A75D723}
	EndGlobalSection
EndGlobal
