Microsoft Visual Studio Solution File, Format Version 12.00
# Visual Studio Version 17
VisualStudioVersion = 17.5.2.0
MinimumVisualStudioVersion = 10.0.40219.1
Project("{FAE04EC0-301F-11D3-BF4B-00C04F79EFBC}") = "TravelCamApp", "TravelCamApp.csproj", "{1EC7FE62-8E01-2E94-AB73-5A72634CFC92}"
EndProject
Global
	GlobalSection(SolutionConfigurationPlatforms) = preSolution
		Debug|Any CPU = Debug|Any CPU
		Release|Any CPU = Release|Any CPU
	EndGlobalSection
	GlobalSection(ProjectConfigurationPlatforms) = postSolution
		{1EC7FE62-8E01-2E94-AB73-5A72634CFC92}.Debug|Any CPU.ActiveCfg = Debug|Any CPU
		{1EC7FE62-8E01-2E94-AB73-5A72634CFC92}.Debug|Any CPU.Build.0 = Debug|Any CPU
		{1EC7FE62-8E01-2E94-AB73-5A72634CFC92}.Release|Any CPU.ActiveCfg = Release|Any CPU
		{1EC7FE62-8E01-2E94-AB73-5A72634CFC92}.Release|Any CPU.Build.0 = Release|Any CPU
	EndGlobalSection
	GlobalSection(SolutionProperties) = preSolution
		HideSolutionNode = FALSE
	EndGlobalSection
	GlobalSection(ExtensibilityGlobals) = postSolution
		SolutionGuid = {F36593E8-7E69-44FE-955E-E2F168699C79}
	EndGlobalSection
EndGlobal
