
Microsoft Visual Studio Solution File, Format Version 12.00
# Visual Studio Version 16
VisualStudioVersion = 16.0.31129.286
MinimumVisualStudioVersion = 10.0.40219.1
Project("{FAE04EC0-301F-11D3-BF4B-00C04F79EFBC}") = "XamarinFormsXamlCameraTest.UWP", "XamarinFormsXamlCameraTest.UWP\XamarinFormsXamlCameraTest.UWP.csproj", "{2E61D507-E6F2-41C9-A39C-532D9578298F}"
EndProject
Project("{FAE04EC0-301F-11D3-BF4B-00C04F79EFBC}") = "XamarinFormsXamlCameraTest.Android", "XamarinFormsXamlCameraTest.Android\XamarinFormsXamlCameraTest.Android.csproj", "{7BFE48B9-36D5-4DCE-B880-30564DC73540}"
EndProject
Project("{FAE04EC0-301F-11D3-BF4B-00C04F79EFBC}") = "XamarinFormsXamlCameraTest.iOS", "XamarinFormsXamlCameraTest.iOS\XamarinFormsXamlCameraTest.iOS.csproj", "{9F06DBD2-46F7-4294-8F5E-CC91AAC535FA}"
EndProject
Project("{FAE04EC0-301F-11D3-BF4B-00C04F79EFBC}") = "XamarinFormsXamlCameraTest", "XamarinFormsXamlCameraTest\XamarinFormsXamlCameraTest.csproj", "{169CA559-0A90-4EFA-B62F-4C28F7345DFA}"
EndProject
Global
	GlobalSection(SolutionConfigurationPlatforms) = preSolution
		Debug|Any CPU = Debug|Any CPU
		Debug|ARM = Debug|ARM
		Debug|iPhone = Debug|iPhone
		Debug|iPhoneSimulator = Debug|iPhoneSimulator
		Debug|x64 = Debug|x64
		Debug|x86 = Debug|x86
		Release|Any CPU = Release|Any CPU
		Release|ARM = Release|ARM
		Release|iPhone = Release|iPhone
		Release|iPhoneSimulator = Release|iPhoneSimulator
		Release|x64 = Release|x64
		Release|x86 = Release|x86
	EndGlobalSection
	GlobalSection(ProjectConfigurationPlatforms) = postSolution
		{2E61D507-E6F2-41C9-A39C-532D9578298F}.Debug|Any CPU.ActiveCfg = Debug|x86
		{2E61D507-E6F2-41C9-A39C-532D9578298F}.Debug|Any CPU.Build.0 = Debug|x86
		{2E61D507-E6F2-41C9-A39C-532D9578298F}.Debug|Any CPU.Deploy.0 = Debug|x86
		{2E61D507-E6F2-41C9-A39C-532D9578298F}.Debug|ARM.ActiveCfg = Debug|ARM
		{2E61D507-E6F2-41C9-A39C-532D9578298F}.Debug|ARM.Build.0 = Debug|ARM
		{2E61D507-E6F2-41C9-A39C-532D9578298F}.Debug|ARM.Deploy.0 = Debug|ARM
		{2E61D507-E6F2-41C9-A39C-532D9578298F}.Debug|iPhone.ActiveCfg = Debug|x86
		{2E61D507-E6F2-41C9-A39C-532D9578298F}.Debug|iPhone.Build.0 = Debug|x86
		{2E61D507-E6F2-41C9-A39C-532D9578298F}.Debug|iPhone.Deploy.0 = Debug|x86
		{2E61D507-E6F2-41C9-A39C-532D9578298F}.Debug|iPhoneSimulator.ActiveCfg = Debug|x86
		{2E61D507-E6F2-41C9-A39C-532D9578298F}.Debug|iPhoneSimulator.Build.0 = Debug|x86
		{2E61D507-E6F2-41C9-A39C-532D9578298F}.Debug|iPhoneSimulator.Deploy.0 = Debug|x86
		{2E61D507-E6F2-41C9-A39C-532D9578298F}.Debug|x64.ActiveCfg = Debug|x64
		{2E61D507-E6F2-41C9-A39C-532D9578298F}.Debug|x64.Build.0 = Debug|x64
		{2E61D507-E6F2-41C9-A39C-532D9578298F}.Debug|x64.Deploy.0 = Debug|x64
		{2E61D507-E6F2-41C9-A39C-532D9578298F}.Debug|x86.ActiveCfg = Debug|x86
		{2E61D507-E6F2-41C9-A39C-532D9578298F}.Debug|x86.Build.0 = Debug|x86
		{2E61D507-E6F2-41C9-A39C-532D9578298F}.Debug|x86.Deploy.0 = Debug|x86
		{2E61D507-E6F2-41C9-A39C-532D9578298F}.Release|Any CPU.ActiveCfg = Release|x86
		{2E61D507-E6F2-41C9-A39C-532D9578298F}.Release|Any CPU.Build.0 = Release|x86
		{2E61D507-E6F2-41C9-A39C-532D9578298F}.Release|Any CPU.Deploy.0 = Release|x86
		{2E61D507-E6F2-41C9-A39C-532D9578298F}.Release|ARM.ActiveCfg = Release|ARM
		{2E61D507-E6F2-41C9-A39C-532D9578298F}.Release|ARM.Build.0 = Release|ARM
		{2E61D507-E6F2-41C9-A39C-532D9578298F}.Release|ARM.Deploy.0 = Release|ARM
		{2E61D507-E6F2-41C9-A39C-532D9578298F}.Release|iPhone.ActiveCfg = Release|x86
		{2E61D507-E6F2-41C9-A39C-532D9578298F}.Release|iPhone.Build.0 = Release|x86
		{2E61D507-E6F2-41C9-A39C-532D9578298F}.Release|iPhone.Deploy.0 = Release|x86
		{2E61D507-E6F2-41C9-A39C-532D9578298F}.Release|iPhoneSimulator.ActiveCfg = Release|x86
		{2E61D507-E6F2-41C9-A39C-532D9578298F}.Release|iPhoneSimulator.Build.0 = Release|x86
		{2E61D507-E6F2-41C9-A39C-532D9578298F}.Release|iPhoneSimulator.Deploy.0 = Release|x86
		{2E61D507-E6F2-41C9-A39C-532D9578298F}.Release|x64.ActiveCfg = Release|x64
		{2E61D507-E6F2-41C9-A39C-532D9578298F}.Release|x64.Build.0 = Release|x64
		{2E61D507-E6F2-41C9-A39C-532D9578298F}.Release|x64.Deploy.0 = Release|x64
		{2E61D507-E6F2-41C9-A39C-532D9578298F}.Release|x86.ActiveCfg = Release|x86
		{2E61D507-E6F2-41C9-A39C-532D9578298F}.Release|x86.Build.0 = Release|x86
		{2E61D507-E6F2-41C9-A39C-532D9578298F}.Release|x86.Deploy.0 = Release|x86
		{7BFE48B9-36D5-4DCE-B880-30564DC73540}.Debug|Any CPU.ActiveCfg = Debug|Any CPU
		{7BFE48B9-36D5-4DCE-B880-30564DC73540}.Debug|Any CPU.Build.0 = Debug|Any CPU
		{7BFE48B9-36D5-4DCE-B880-30564DC73540}.Debug|Any CPU.Deploy.0 = Debug|Any CPU
		{7BFE48B9-36D5-4DCE-B880-30564DC73540}.Debug|ARM.ActiveCfg = Debug|Any CPU
		{7BFE48B9-36D5-4DCE-B880-30564DC73540}.Debug|ARM.Build.0 = Debug|Any CPU
		{7BFE48B9-36D5-4DCE-B880-30564DC73540}.Debug|ARM.Deploy.0 = Debug|Any CPU
		{7BFE48B9-36D5-4DCE-B880-30564DC73540}.Debug|iPhone.ActiveCfg = Debug|Any CPU
		{7BFE48B9-36D5-4DCE-B880-30564DC73540}.Debug|iPhone.Build.0 = Debug|Any CPU
		{7BFE48B9-36D5-4DCE-B880-30564DC73540}.Debug|iPhone.Deploy.0 = Debug|Any CPU
		{7BFE48B9-36D5-4DCE-B880-30564DC73540}.Debug|iPhoneSimulator.ActiveCfg = Debug|Any CPU
		{7BFE48B9-36D5-4DCE-B880-30564DC73540}.Debug|iPhoneSimulator.Build.0 = Debug|Any CPU
		{7BFE48B9-36D5-4DCE-B880-30564DC73540}.Debug|iPhoneSimulator.Deploy.0 = Debug|Any CPU
		{7BFE48B9-36D5-4DCE-B880-30564DC73540}.Debug|x64.ActiveCfg = Debug|Any CPU
		{7BFE48B9-36D5-4DCE-B880-30564DC73540}.Debug|x64.Build.0 = Debug|Any CPU
		{7BFE48B9-36D5-4DCE-B880-30564DC73540}.Debug|x64.Deploy.0 = Debug|Any CPU
		{7BFE48B9-36D5-4DCE-B880-30564DC73540}.Debug|x86.ActiveCfg = Debug|Any CPU
		{7BFE48B9-36D5-4DCE-B880-30564DC73540}.Debug|x86.Build.0 = Debug|Any CPU
		{7BFE48B9-36D5-4DCE-B880-30564DC73540}.Debug|x86.Deploy.0 = Debug|Any CPU
		{7BFE48B9-36D5-4DCE-B880-30564DC73540}.Release|Any CPU.ActiveCfg = Release|Any CPU
		{7BFE48B9-36D5-4DCE-B880-30564DC73540}.Release|Any CPU.Build.0 = Release|Any CPU
		{7BFE48B9-36D5-4DCE-B880-30564DC73540}.Release|Any CPU.Deploy.0 = Release|Any CPU
		{7BFE48B9-36D5-4DCE-B880-30564DC73540}.Release|ARM.ActiveCfg = Release|Any CPU
		{7BFE48B9-36D5-4DCE-B880-30564DC73540}.Release|ARM.Build.0 = Release|Any CPU
		{7BFE48B9-36D5-4DCE-B880-30564DC73540}.Release|ARM.Deploy.0 = Release|Any CPU
		{7BFE48B9-36D5-4DCE-B880-30564DC73540}.Release|iPhone.ActiveCfg = Release|Any CPU
		{7BFE48B9-36D5-4DCE-B880-30564DC73540}.Release|iPhone.Build.0 = Release|Any CPU
		{7BFE48B9-36D5-4DCE-B880-30564DC73540}.Release|iPhone.Deploy.0 = Release|Any CPU
		{7BFE48B9-36D5-4DCE-B880-30564DC73540}.Release|iPhoneSimulator.ActiveCfg = Release|Any CPU
		{7BFE48B9-36D5-4DCE-B880-30564DC73540}.Release|iPhoneSimulator.Build.0 = Release|Any CPU
		{7BFE48B9-36D5-4DCE-B880-30564DC73540}.Release|iPhoneSimulator.Deploy.0 = Release|Any CPU
		{7BFE48B9-36D5-4DCE-B880-30564DC73540}.Release|x64.ActiveCfg = Release|Any CPU
		{7BFE48B9-36D5-4DCE-B880-30564DC73540}.Release|x64.Build.0 = Release|Any CPU
		{7BFE48B9-36D5-4DCE-B880-30564DC73540}.Release|x64.Deploy.0 = Release|Any CPU
		{7BFE48B9-36D5-4DCE-B880-30564DC73540}.Release|x86.ActiveCfg = Release|Any CPU
		{7BFE48B9-36D5-4DCE-B880-30564DC73540}.Release|x86.Build.0 = Release|Any CPU
		{7BFE48B9-36D5-4DCE-B880-30564DC73540}.Release|x86.Deploy.0 = Release|Any CPU
		{9F06DBD2-46F7-4294-8F5E-CC91AAC535FA}.Debug|Any CPU.ActiveCfg = Debug|iPhoneSimulator
		{9F06DBD2-46F7-4294-8F5E-CC91AAC535FA}.Debug|Any CPU.Build.0 = Debug|iPhoneSimulator
		{9F06DBD2-46F7-4294-8F5E-CC91AAC535FA}.Debug|Any CPU.Deploy.0 = Debug|iPhoneSimulator
		{9F06DBD2-46F7-4294-8F5E-CC91AAC535FA}.Debug|ARM.ActiveCfg = Debug|iPhone
		{9F06DBD2-46F7-4294-8F5E-CC91AAC535FA}.Debug|ARM.Build.0 = Debug|iPhone
		{9F06DBD2-46F7-4294-8F5E-CC91AAC535FA}.Debug|ARM.Deploy.0 = Debug|iPhone
		{9F06DBD2-46F7-4294-8F5E-CC91AAC535FA}.Debug|iPhone.ActiveCfg = Debug|iPhone
		{9F06DBD2-46F7-4294-8F5E-CC91AAC535FA}.Debug|iPhone.Build.0 = Debug|iPhone
		{9F06DBD2-46F7-4294-8F5E-CC91AAC535FA}.Debug|iPhone.Deploy.0 = Debug|iPhone
		{9F06DBD2-46F7-4294-8F5E-CC91AAC535FA}.Debug|iPhoneSimulator.ActiveCfg = Debug|iPhoneSimulator
		{9F06DBD2-46F7-4294-8F5E-CC91AAC535FA}.Debug|iPhoneSimulator.Build.0 = Debug|iPhoneSimulator
		{9F06DBD2-46F7-4294-8F5E-CC91AAC535FA}.Debug|iPhoneSimulator.Deploy.0 = Debug|iPhoneSimulator
		{9F06DBD2-46F7-4294-8F5E-CC91AAC535FA}.Debug|x64.ActiveCfg = Debug|iPhoneSimulator
		{9F06DBD2-46F7-4294-8F5E-CC91AAC535FA}.Debug|x64.Build.0 = Debug|iPhoneSimulator
		{9F06DBD2-46F7-4294-8F5E-CC91AAC535FA}.Debug|x64.Deploy.0 = Debug|iPhoneSimulator
		{9F06DBD2-46F7-4294-8F5E-CC91AAC535FA}.Debug|x86.ActiveCfg = Debug|iPhoneSimulator
		{9F06DBD2-46F7-4294-8F5E-CC91AAC535FA}.Debug|x86.Build.0 = Debug|iPhoneSimulator
		{9F06DBD2-46F7-4294-8F5E-CC91AAC535FA}.Debug|x86.Deploy.0 = Debug|iPhoneSimulator
		{9F06DBD2-46F7-4294-8F5E-CC91AAC535FA}.Release|Any CPU.ActiveCfg = Release|iPhoneSimulator
		{9F06DBD2-46F7-4294-8F5E-CC91AAC535FA}.Release|Any CPU.Build.0 = Release|iPhoneSimulator
		{9F06DBD2-46F7-4294-8F5E-CC91AAC535FA}.Release|Any CPU.Deploy.0 = Release|iPhoneSimulator
		{9F06DBD2-46F7-4294-8F5E-CC91AAC535FA}.Release|ARM.ActiveCfg = Release|iPhoneSimulator
		{9F06DBD2-46F7-4294-8F5E-CC91AAC535FA}.Release|ARM.Build.0 = Release|iPhoneSimulator
		{9F06DBD2-46F7-4294-8F5E-CC91AAC535FA}.Release|ARM.Deploy.0 = Release|iPhoneSimulator
		{9F06DBD2-46F7-4294-8F5E-CC91AAC535FA}.Release|iPhone.ActiveCfg = Release|iPhone
		{9F06DBD2-46F7-4294-8F5E-CC91AAC535FA}.Release|iPhone.Build.0 = Release|iPhone
		{9F06DBD2-46F7-4294-8F5E-CC91AAC535FA}.Release|iPhone.Deploy.0 = Release|iPhone
		{9F06DBD2-46F7-4294-8F5E-CC91AAC535FA}.Release|iPhoneSimulator.ActiveCfg = Release|iPhoneSimulator
		{9F06DBD2-46F7-4294-8F5E-CC91AAC535FA}.Release|iPhoneSimulator.Build.0 = Release|iPhoneSimulator
		{9F06DBD2-46F7-4294-8F5E-CC91AAC535FA}.Release|iPhoneSimulator.Deploy.0 = Release|iPhoneSimulator
		{9F06DBD2-46F7-4294-8F5E-CC91AAC535FA}.Release|x64.ActiveCfg = Release|iPhoneSimulator
		{9F06DBD2-46F7-4294-8F5E-CC91AAC535FA}.Release|x64.Build.0 = Release|iPhoneSimulator
		{9F06DBD2-46F7-4294-8F5E-CC91AAC535FA}.Release|x64.Deploy.0 = Release|iPhoneSimulator
		{9F06DBD2-46F7-4294-8F5E-CC91AAC535FA}.Release|x86.ActiveCfg = Release|iPhoneSimulator
		{9F06DBD2-46F7-4294-8F5E-CC91AAC535FA}.Release|x86.Build.0 = Release|iPhoneSimulator
		{9F06DBD2-46F7-4294-8F5E-CC91AAC535FA}.Release|x86.Deploy.0 = Release|iPhoneSimulator
		{169CA559-0A90-4EFA-B62F-4C28F7345DFA}.Debug|Any CPU.ActiveCfg = Debug|Any CPU
		{169CA559-0A90-4EFA-B62F-4C28F7345DFA}.Debug|Any CPU.Build.0 = Debug|Any CPU
		{169CA559-0A90-4EFA-B62F-4C28F7345DFA}.Debug|Any CPU.Deploy.0 = Debug|Any CPU
		{169CA559-0A90-4EFA-B62F-4C28F7345DFA}.Debug|ARM.ActiveCfg = Debug|Any CPU
		{169CA559-0A90-4EFA-B62F-4C28F7345DFA}.Debug|ARM.Build.0 = Debug|Any CPU
		{169CA559-0A90-4EFA-B62F-4C28F7345DFA}.Debug|ARM.Deploy.0 = Debug|Any CPU
		{169CA559-0A90-4EFA-B62F-4C28F7345DFA}.Debug|iPhone.ActiveCfg = Debug|Any CPU
		{169CA559-0A90-4EFA-B62F-4C28F7345DFA}.Debug|iPhone.Build.0 = Debug|Any CPU
		{169CA559-0A90-4EFA-B62F-4C28F7345DFA}.Debug|iPhone.Deploy.0 = Debug|Any CPU
		{169CA559-0A90-4EFA-B62F-4C28F7345DFA}.Debug|iPhoneSimulator.ActiveCfg = Debug|Any CPU
		{169CA559-0A90-4EFA-B62F-4C28F7345DFA}.Debug|iPhoneSimulator.Build.0 = Debug|Any CPU
		{169CA559-0A90-4EFA-B62F-4C28F7345DFA}.Debug|iPhoneSimulator.Deploy.0 = Debug|Any CPU
		{169CA559-0A90-4EFA-B62F-4C28F7345DFA}.Debug|x64.ActiveCfg = Debug|Any CPU
		{169CA559-0A90-4EFA-B62F-4C28F7345DFA}.Debug|x64.Build.0 = Debug|Any CPU
		{169CA559-0A90-4EFA-B62F-4C28F7345DFA}.Debug|x64.Deploy.0 = Debug|Any CPU
		{169CA559-0A90-4EFA-B62F-4C28F7345DFA}.Debug|x86.ActiveCfg = Debug|Any CPU
		{169CA559-0A90-4EFA-B62F-4C28F7345DFA}.Debug|x86.Build.0 = Debug|Any CPU
		{169CA559-0A90-4EFA-B62F-4C28F7345DFA}.Debug|x86.Deploy.0 = Debug|Any CPU
		{169CA559-0A90-4EFA-B62F-4C28F7345DFA}.Release|Any CPU.ActiveCfg = Release|Any CPU
		{169CA559-0A90-4EFA-B62F-4C28F7345DFA}.Release|Any CPU.Build.0 = Release|Any CPU
		{169CA559-0A90-4EFA-B62F-4C28F7345DFA}.Release|Any CPU.Deploy.0 = Release|Any CPU
		{169CA559-0A90-4EFA-B62F-4C28F7345DFA}.Release|ARM.ActiveCfg = Release|Any CPU
		{169CA559-0A90-4EFA-B62F-4C28F7345DFA}.Release|ARM.Build.0 = Release|Any CPU
		{169CA559-0A90-4EFA-B62F-4C28F7345DFA}.Release|ARM.Deploy.0 = Release|Any CPU
		{169CA559-0A90-4EFA-B62F-4C28F7345DFA}.Release|iPhone.ActiveCfg = Release|Any CPU
		{169CA559-0A90-4EFA-B62F-4C28F7345DFA}.Release|iPhone.Build.0 = Release|Any CPU
		{169CA559-0A90-4EFA-B62F-4C28F7345DFA}.Release|iPhone.Deploy.0 = Release|Any CPU
		{169CA559-0A90-4EFA-B62F-4C28F7345DFA}.Release|iPhoneSimulator.ActiveCfg = Release|Any CPU
		{169CA559-0A90-4EFA-B62F-4C28F7345DFA}.Release|iPhoneSimulator.Build.0 = Release|Any CPU
		{169CA559-0A90-4EFA-B62F-4C28F7345DFA}.Release|iPhoneSimulator.Deploy.0 = Release|Any CPU
		{169CA559-0A90-4EFA-B62F-4C28F7345DFA}.Release|x64.ActiveCfg = Release|Any CPU
		{169CA559-0A90-4EFA-B62F-4C28F7345DFA}.Release|x64.Build.0 = Release|Any CPU
		{169CA559-0A90-4EFA-B62F-4C28F7345DFA}.Release|x64.Deploy.0 = Release|Any CPU
		{169CA559-0A90-4EFA-B62F-4C28F7345DFA}.Release|x86.ActiveCfg = Release|Any CPU
		{169CA559-0A90-4EFA-B62F-4C28F7345DFA}.Release|x86.Build.0 = Release|Any CPU
		{169CA559-0A90-4EFA-B62F-4C28F7345DFA}.Release|x86.Deploy.0 = Release|Any CPU
	EndGlobalSection
	GlobalSection(SolutionProperties) = preSolution
		HideSolutionNode = FALSE
	EndGlobalSection
	GlobalSection(ExtensibilityGlobals) = postSolution
		SolutionGuid = {33B0A11A-D0C9-454B-AD4C-88B062BB8D82}
	EndGlobalSection
EndGlobal
